
Microsoft Visual Studio Solution File, Format Version 12.00
# Visual Studio Version 16
VisualStudioVersion = 16.0.29306.81
MinimumVisualStudioVersion = 10.0.40219.1
Project("{FAE04EC0-301F-11D3-BF4B-00C04F79EFBC}") = "Triangle_inequality", "Triangle_inequality.csproj", "{3E6E59CE-3121-41FD-8170-ED062D85ACB4}"
EndProject
Global
	GlobalSection(SolutionConfigurationPlatforms) = preSolution
		Debug|Any CPU = Debug|Any CPU
		Release|Any CPU = Release|Any CPU
	EndGlobalSection
	GlobalSection(ProjectConfigurationPlatforms) = postSolution
		{3E6E59CE-3121-41FD-8170-ED062D85ACB4}.Debug|Any CPU.ActiveCfg = Debug|Any CPU
		{3E6E59CE-3121-41FD-8170-ED062D85ACB4}.Debug|Any CPU.Build.0 = Debug|Any CPU
		{3E6E59CE-3121-41FD-8170-ED062D85ACB4}.Release|Any CPU.ActiveCfg = Release|Any CPU
		{3E6E59CE-3121-41FD-8170-ED062D85ACB4}.Release|Any CPU.Build.0 = Release|Any CPU
	EndGlobalSection
	GlobalSection(SolutionProperties) = preSolution
		HideSolutionNode = FALSE
	EndGlobalSection
	GlobalSection(ExtensibilityGlobals) = postSolution
		SolutionGuid = {B4B588F1-44BA-487E-B938-18AA07ABAB70}
	EndGlobalSection
EndGlobal
